
Microsoft Visual Studio Solution File, Format Version 11.00
# Visual Studio 2010
Project("{FAE04EC0-301F-11D3-BF4B-00C04F79EFBC}") = "World Generator", "Assembly-CSharp.csproj", "{5D862E54-8ADF-48F6-09E1-7F2A5AC6357C}"
EndProject
Project("{FAE04EC0-301F-11D3-BF4B-00C04F79EFBC}") = "World Generator", "Assembly-CSharp-firstpass.csproj", "{D34661D2-ECE5-12B0-AF2C-37D9E277EA98}"
EndProject
Project("{FAE04EC0-301F-11D3-BF4B-00C04F79EFBC}") = "World Generator", "Assembly-CSharp-Editor.csproj", "{6C0B4730-7831-B5D9-55B8-9CF6F4630EE3}"
EndProject
Project("{FAE04EC0-301F-11D3-BF4B-00C04F79EFBC}") = "World Generator", "Assembly-CSharp-Editor-firstpass.csproj", "{2F3B898F-F591-DEA6-8184-D4E1E7D7F78F}"
EndProject
Global
	GlobalSection(SolutionConfigurationPlatforms) = preSolution
		Debug|Any CPU = Debug|Any CPU
		Release|Any CPU = Release|Any CPU
	EndGlobalSection
	GlobalSection(ProjectConfigurationPlatforms) = postSolution
		{5D862E54-8ADF-48F6-09E1-7F2A5AC6357C}.Debug|Any CPU.ActiveCfg = Debug|Any CPU
		{5D862E54-8ADF-48F6-09E1-7F2A5AC6357C}.Debug|Any CPU.Build.0 = Debug|Any CPU
		{5D862E54-8ADF-48F6-09E1-7F2A5AC6357C}.Release|Any CPU.ActiveCfg = Release|Any CPU
		{5D862E54-8ADF-48F6-09E1-7F2A5AC6357C}.Release|Any CPU.Build.0 = Release|Any CPU
		{D34661D2-ECE5-12B0-AF2C-37D9E277EA98}.Debug|Any CPU.ActiveCfg = Debug|Any CPU
		{D34661D2-ECE5-12B0-AF2C-37D9E277EA98}.Debug|Any CPU.Build.0 = Debug|Any CPU
		{D34661D2-ECE5-12B0-AF2C-37D9E277EA98}.Release|Any CPU.ActiveCfg = Release|Any CPU
		{D34661D2-ECE5-12B0-AF2C-37D9E277EA98}.Release|Any CPU.Build.0 = Release|Any CPU
		{6C0B4730-7831-B5D9-55B8-9CF6F4630EE3}.Debug|Any CPU.ActiveCfg = Debug|Any CPU
		{6C0B4730-7831-B5D9-55B8-9CF6F4630EE3}.Debug|Any CPU.Build.0 = Debug|Any CPU
		{6C0B4730-7831-B5D9-55B8-9CF6F4630EE3}.Release|Any CPU.ActiveCfg = Release|Any CPU
		{6C0B4730-7831-B5D9-55B8-9CF6F4630EE3}.Release|Any CPU.Build.0 = Release|Any CPU
		{2F3B898F-F591-DEA6-8184-D4E1E7D7F78F}.Debug|Any CPU.ActiveCfg = Debug|Any CPU
		{2F3B898F-F591-DEA6-8184-D4E1E7D7F78F}.Debug|Any CPU.Build.0 = Debug|Any CPU
		{2F3B898F-F591-DEA6-8184-D4E1E7D7F78F}.Release|Any CPU.ActiveCfg = Release|Any CPU
		{2F3B898F-F591-DEA6-8184-D4E1E7D7F78F}.Release|Any CPU.Build.0 = Release|Any CPU
	EndGlobalSection
	GlobalSection(SolutionProperties) = preSolution
		HideSolutionNode = FALSE
	EndGlobalSection
	GlobalSection(MonoDevelopProperties) = preSolution
		StartupItem = Assembly-CSharp.csproj
	EndGlobalSection
EndGlobal
